PODS:
  - AFNetworking (3.2.1):
    - AFNetworking/NSURLSession (= 3.2.1)
    - AFNetworking/Reachability (= 3.2.1)
    - AFNetworking/Security (= 3.2.1)
    - AFNetworking/Serialization (= 3.2.1)
    - AFNetworking/UIKit (= 3.2.1)
  - AFNetworking/NSURLSession (3.2.1):
    - AFNetworking/Reachability
    - AFNetworking/Security
    - AFNetworking/Serialization
  - AFNetworking/Reachability (3.2.1)
  - AFNetworking/Security (3.2.1)
  - AFNetworking/Serialization (3.2.1)
  - AFNetworking/UIKit (3.2.1):
    - AFNetworking/NSURLSession
  - JDNetWorkManager (0.0.3):
    - JDragonNetWork (~> 0.0.5)
  - JDragonNetWork (0.0.5):
    - AFNetworking (~> 3.2.1)

DEPENDENCIES:
  - JDNetWorkManager (from `../JDNetWorkManager.podspec`)

SPEC REPOS:
  https://github.com/CocoaPods/Specs.git:
    - AFNetworking
    - JDragonNetWork

EXTERNAL SOURCES:
  JDNetWorkManager:
    :path: "../JDNetWorkManager.podspec"

SPEC CHECKSUMS:
  AFNetworking: b6f891fdfaed196b46c7a83cf209e09697b94057
  JDNetWorkManager: b968e117447461fac318ce5751a0c1424d7221d3
  JDragonNetWork: 7f85f934b2611dff31922ab51507fc643fe84223

PODFILE CHECKSUM: 630776f9af07c551a36d7ee819ec418c05da1c63

COCOAPODS: 1.9.1
